
Microsoft Visual Studio Solution File, Format Version 12.00
Project("{2150E333-8FDC-42A3-9474-1A3956D46DE8}") = "src", "src", "{B7398C98-8B75-47A0-B59A-FFCBDEF9EED0}"
EndProject
Project("{2150E333-8FDC-42A3-9474-1A3956D46DE8}") = "Handlers", "Handlers", "{0F69A9C5-597C-4BC4-B413-533F0835EFD8}"
EndProject
Project("{FAE04EC0-301F-11D3-BF4B-00C04F79EFBC}") = "Handler.WebApi", "src\Handlers\Handler.WebApi\Handler.WebApi.csproj", "{1238DD7B-BE6F-41CB-8A37-E1954F404FB9}"
EndProject
Project("{FAE04EC0-301F-11D3-BF4B-00C04F79EFBC}") = "Application", "src\Application\Application.csproj", "{3EB09D55-9176-4ADA-9364-92F14B73F73A}"
EndProject
Project("{FAE04EC0-301F-11D3-BF4B-00C04F79EFBC}") = "Service", "src\Service\Service.csproj", "{5600E487-F59E-483B-9F91-1E4C91CDE218}"
EndProject
Project("{FAE04EC0-301F-11D3-BF4B-00C04F79EFBC}") = "Infrastructure", "src\Infrastructure\Infrastructure.csproj", "{797211E8-49CC-40BF-859E-45844E3676BF}"
EndProject
Project("{FAE04EC0-301F-11D3-BF4B-00C04F79EFBC}") = "Domain", "src\Domain\Domain.csproj", "{DDEE945F-204D-4253-BCA8-983382F2D68D}"
EndProject
Global
	GlobalSection(SolutionConfigurationPlatforms) = preSolution
		Debug|Any CPU = Debug|Any CPU
		Release|Any CPU = Release|Any CPU
	EndGlobalSection
	GlobalSection(NestedProjects) = preSolution
		{0F69A9C5-597C-4BC4-B413-533F0835EFD8} = {B7398C98-8B75-47A0-B59A-FFCBDEF9EED0}
		{1238DD7B-BE6F-41CB-8A37-E1954F404FB9} = {0F69A9C5-597C-4BC4-B413-533F0835EFD8}
		{3EB09D55-9176-4ADA-9364-92F14B73F73A} = {B7398C98-8B75-47A0-B59A-FFCBDEF9EED0}
		{797211E8-49CC-40BF-859E-45844E3676BF} = {B7398C98-8B75-47A0-B59A-FFCBDEF9EED0}
		{DDEE945F-204D-4253-BCA8-983382F2D68D} = {B7398C98-8B75-47A0-B59A-FFCBDEF9EED0}
		{5600E487-F59E-483B-9F91-1E4C91CDE218} = {B7398C98-8B75-47A0-B59A-FFCBDEF9EED0}
	EndGlobalSection
	GlobalSection(ProjectConfigurationPlatforms) = postSolution
		{1238DD7B-BE6F-41CB-8A37-E1954F404FB9}.Debug|Any CPU.ActiveCfg = Debug|Any CPU
		{1238DD7B-BE6F-41CB-8A37-E1954F404FB9}.Debug|Any CPU.Build.0 = Debug|Any CPU
		{1238DD7B-BE6F-41CB-8A37-E1954F404FB9}.Release|Any CPU.ActiveCfg = Release|Any CPU
		{1238DD7B-BE6F-41CB-8A37-E1954F404FB9}.Release|Any CPU.Build.0 = Release|Any CPU
		{3EB09D55-9176-4ADA-9364-92F14B73F73A}.Debug|Any CPU.ActiveCfg = Debug|Any CPU
		{3EB09D55-9176-4ADA-9364-92F14B73F73A}.Debug|Any CPU.Build.0 = Debug|Any CPU
		{3EB09D55-9176-4ADA-9364-92F14B73F73A}.Release|Any CPU.ActiveCfg = Release|Any CPU
		{3EB09D55-9176-4ADA-9364-92F14B73F73A}.Release|Any CPU.Build.0 = Release|Any CPU
		{5600E487-F59E-483B-9F91-1E4C91CDE218}.Debug|Any CPU.ActiveCfg = Debug|Any CPU
		{5600E487-F59E-483B-9F91-1E4C91CDE218}.Debug|Any CPU.Build.0 = Debug|Any CPU
		{5600E487-F59E-483B-9F91-1E4C91CDE218}.Release|Any CPU.ActiveCfg = Release|Any CPU
		{5600E487-F59E-483B-9F91-1E4C91CDE218}.Release|Any CPU.Build.0 = Release|Any CPU
		{797211E8-49CC-40BF-859E-45844E3676BF}.Debug|Any CPU.ActiveCfg = Debug|Any CPU
		{797211E8-49CC-40BF-859E-45844E3676BF}.Debug|Any CPU.Build.0 = Debug|Any CPU
		{797211E8-49CC-40BF-859E-45844E3676BF}.Release|Any CPU.ActiveCfg = Release|Any CPU
		{797211E8-49CC-40BF-859E-45844E3676BF}.Release|Any CPU.Build.0 = Release|Any CPU
		{DDEE945F-204D-4253-BCA8-983382F2D68D}.Debug|Any CPU.ActiveCfg = Debug|Any CPU
		{DDEE945F-204D-4253-BCA8-983382F2D68D}.Debug|Any CPU.Build.0 = Debug|Any CPU
		{DDEE945F-204D-4253-BCA8-983382F2D68D}.Release|Any CPU.ActiveCfg = Release|Any CPU
		{DDEE945F-204D-4253-BCA8-983382F2D68D}.Release|Any CPU.Build.0 = Release|Any CPU
	EndGlobalSection
EndGlobal
